# lock
name: ${{rqgCompendiumContent.runeMagic.lock.name}}$
type: runeMagic
img: systems/rqg/assets/images/items/rune-magic.svg
system:
  runes:
    - Harmony (power)
    - Movement (power)
  points: 1
  isRitual: true
  isStackable: true
  isOneUse: false
  chance: 0
  descriptionRqidLink:
    rqid: je..lock
    name: ${{rqgCompendiumContent.runeMagic.lock.name}}$
effects: []
flags:
  rqg:
    documentRqidFlags:
      id: i.rune-magic.lock
      lang: ${{rqgCompendiumContent.lang}}$
      priority: ${{rqgCompendiumContent.prio}}$
