# lock
name: ${{openSystem.content.runeMagic.lock.name}}$
img: systems/rqg/assets/images/items/rune-magic.svg
content: >
  ${{openSystem.content.journalEntryType.runeMagicDescription.title}}$
  <img style="float:right;border:none;margin-left:1rem" src="systems/rqg/assets/images/runes/movement_change.svg" height="70"> 
  <img style="float:right;border:none;margin-left:1rem" src="systems/rqg/assets/images/runes/harmony.svg" height="70">
  ${{openSystem.content.runeMagic.lock.description}}$
flags:
  rqg:
    documentRqidFlags:
      id: je..lock
      lang: ${{openSystem.lang}}$
      priority: ${{openSystem.prio}}$
